
Microsoft Visual Studio Solution File, Format Version 12.00
# Visual Studio 15
VisualStudioVersion = 15.0.28307.102
MinimumVisualStudioVersion = 10.0.40219.1
Project("{FAE04EC0-301F-11D3-BF4B-00C04F79EFBC}") = "TaskSchedulerKO", "TaskSchedulerKO\TaskSchedulerKO.csproj", "{E7A9BFE9-6D0E-43CC-BF65-BBDF7DD9E6B5}"
EndProject
Global
	GlobalSection(SolutionConfigurationPlatforms) = preSolution
		Debug|Any CPU = Debug|Any CPU
		Release|Any CPU = Release|Any CPU
	EndGlobalSection
	GlobalSection(ProjectConfigurationPlatforms) = postSolution
		{E7A9BFE9-6D0E-43CC-BF65-BBDF7DD9E6B5}.Debug|Any CPU.ActiveCfg = Debug|Any CPU
		{E7A9BFE9-6D0E-43CC-BF65-BBDF7DD9E6B5}.Debug|Any CPU.Build.0 = Debug|Any CPU
		{E7A9BFE9-6D0E-43CC-BF65-BBDF7DD9E6B5}.Release|Any CPU.ActiveCfg = Release|Any CPU
		{E7A9BFE9-6D0E-43CC-BF65-BBDF7DD9E6B5}.Release|Any CPU.Build.0 = Release|Any CPU
	EndGlobalSection
	GlobalSection(SolutionProperties) = preSolution
		HideSolutionNode = FALSE
	EndGlobalSection
	GlobalSection(ExtensibilityGlobals) = postSolution
		SolutionGuid = {9FC26E6D-C2A2-44E0-9A2E-3B395D145045}
	EndGlobalSection
EndGlobal
